
Microsoft Visual Studio Solution File, Format Version 12.00
# Visual Studio Version 16
VisualStudioVersion = 16.0.29102.190
MinimumVisualStudioVersion = 10.0.40219.1
Project("{FAE04EC0-301F-11D3-BF4B-00C04F79EFBC}") = "CustomVision", "CustomVision.csproj", "{CAB55505-23A8-4BAF-990E-854811513EC0}"
EndProject
Global
	GlobalSection(SolutionConfigurationPlatforms) = preSolution
		Debug|Any CPU = Debug|Any CPU
		Release|Any CPU = Release|Any CPU
	EndGlobalSection
	GlobalSection(ProjectConfigurationPlatforms) = postSolution
		{CAB55505-23A8-4BAF-990E-854811513EC0}.Debug|Any CPU.ActiveCfg = Debug|Any CPU
		{CAB55505-23A8-4BAF-990E-854811513EC0}.Debug|Any CPU.Build.0 = Debug|Any CPU
		{CAB55505-23A8-4BAF-990E-854811513EC0}.Release|Any CPU.ActiveCfg = Release|Any CPU
		{CAB55505-23A8-4BAF-990E-854811513EC0}.Release|Any CPU.Build.0 = Release|Any CPU
	EndGlobalSection
	GlobalSection(SolutionProperties) = preSolution
		HideSolutionNode = FALSE
	EndGlobalSection
	GlobalSection(ExtensibilityGlobals) = postSolution
		SolutionGuid = {6B9D8894-273F-4655-A84A-9CED87BC761E}
	EndGlobalSection
EndGlobal
